
Microsoft Visual Studio Solution File, Format Version 12.00
# Visual Studio Version 17
VisualStudioVersion = 17.0.32014.148
MinimumVisualStudioVersion = 10.0.40219.1
Project("{FAE04EC0-301F-11D3-BF4B-00C04F79EFBC}") = "MVC_WindowsAuthentication", "MVC_WindowsAuthentication.csproj", "{A18B79D7-4BAD-47F2-975B-5F4AC72729A2}"
EndProject
Global
	GlobalSection(SolutionConfigurationPlatforms) = preSolution
		Debug|Any CPU = Debug|Any CPU
		Release|Any CPU = Release|Any CPU
	EndGlobalSection
	GlobalSection(ProjectConfigurationPlatforms) = postSolution
		{A18B79D7-4BAD-47F2-975B-5F4AC72729A2}.Debug|Any CPU.ActiveCfg = Debug|Any CPU
		{A18B79D7-4BAD-47F2-975B-5F4AC72729A2}.Debug|Any CPU.Build.0 = Debug|Any CPU
		{A18B79D7-4BAD-47F2-975B-5F4AC72729A2}.Release|Any CPU.ActiveCfg = Release|Any CPU
		{A18B79D7-4BAD-47F2-975B-5F4AC72729A2}.Release|Any CPU.Build.0 = Release|Any CPU
	EndGlobalSection
	GlobalSection(SolutionProperties) = preSolution
		HideSolutionNode = FALSE
	EndGlobalSection
	GlobalSection(ExtensibilityGlobals) = postSolution
		SolutionGuid = {6936006E-F39E-47CD-8F98-4D9091455EA4}
	EndGlobalSection
EndGlobal
